// !$*UTF8*$!
{
	archiveVersion = 1;
	classes = {
	};
	objectVersion = 50;
	objects = {

/* Begin PBXBuildFile section */
		E86DE2FA21FA98C700DDB3B6 /* main.cpp in Sources */ = {isa = PBXBuildFile; fileRef = E86DE2F921FA98C700DDB3B6 /* main.cpp */; };
		E86DE30221FA9B2900DDB3B6 /* Set.cpp in Sources */ = {isa = PBXBuildFile; fileRef = E86DE30021FA9B2900DDB3B6 /* Set.cpp */; };
		E86DE30521FEA4D900DDB3B6 /* IntWrapper.cpp in Sources */ = {isa = PBXBuildFile; fileRef = E86DE30321FEA4D900DDB3B6 /* IntWrapper.cpp */; };
		E86DE30721FEA59900DDB3B6 /* testSetMemoryLeak.cpp in Sources */ = {isa = PBXBuildFile; fileRef = E86DE30621FEA59900DDB3B6 /* testSetMemoryLeak.cpp */; };
		E8753E5721FFE64B009C746F /* testSetcpy.cpp in Sources */ = {isa = PBXBuildFile; fileRef = E8753E5621FFE64B009C746F /* testSetcpy.cpp */; };
/* End PBXBuildFile section */

/* Begin PBXCopyFilesBuildPhase section */
		E86DE2F421FA98C700DDB3B6 /* CopyFiles */ = {
			isa = PBXCopyFilesBuildPhase;
			buildActionMask = 2147483647;
			dstPath = /usr/share/man/man1/;
			dstSubfolderSpec = 0;
			files = (
			);
			runOnlyForDeploymentPostprocessing = 1;
		};
/* End PBXCopyFilesBuildPhase section */

/* Begin PBXFileReference section */
		E86DE2F621FA98C700DDB3B6 /* Project2 */ = {isa = PBXFileReference; explicitFileType = "compiled.mach-o.executable"; includeInIndex = 0; path = Project2; sourceTree = BUILT_PRODUCTS_DIR; };
		E86DE2F921FA98C700DDB3B6 /* main.cpp */ = {isa = PBXFileReference; lastKnownFileType = sourcecode.cpp.cpp; path = main.cpp; sourceTree = "<group>"; };
		E86DE30021FA9B2900DDB3B6 /* Set.cpp */ = {isa = PBXFileReference; lastKnownFileType = sourcecode.cpp.cpp; path = Set.cpp; sourceTree = "<group>"; };
		E86DE30121FA9B2900DDB3B6 /* Set.h */ = {isa = PBXFileReference; lastKnownFileType = sourcecode.c.h; path = Set.h; sourceTree = "<group>"; };
		E86DE30321FEA4D900DDB3B6 /* IntWrapper.cpp */ = {isa = PBXFileReference; lastKnownFileType = sourcecode.cpp.cpp; path = IntWrapper.cpp; sourceTree = "<group>"; };
		E86DE30421FEA4D900DDB3B6 /* IntWrapper.h */ = {isa = PBXFileReference; lastKnownFileType = sourcecode.c.h; path = IntWrapper.h; sourceTree = "<group>"; };
		E86DE30621FEA59900DDB3B6 /* testSetMemoryLeak.cpp */ = {isa = PBXFileReference; lastKnownFileType = sourcecode.cpp.cpp; path = testSetMemoryLeak.cpp; sourceTree = "<group>"; };
		E8753E5621FFE64B009C746F /* testSetcpy.cpp */ = {isa = PBXFileReference; lastKnownFileType = sourcecode.cpp.cpp; path = testSetcpy.cpp; sourceTree = "<group>"; };
/* End PBXFileReference section */

/* Begin PBXFrameworksBuildPhase section */
		E86DE2F321FA98C700DDB3B6 /* Frameworks */ = {
			isa = PBXFrameworksBuildPhase;
			buildActionMask = 2147483647;
			files = (
			);
			runOnlyForDeploymentPostprocessing = 0;
		};
/* End PBXFrameworksBuildPhase section */

/* Begin PBXGroup section */
		E86DE2ED21FA98C700DDB3B6 = {
			isa = PBXGroup;
			children = (
				E86DE2F821FA98C700DDB3B6 /* Project2 */,
				E86DE2F721FA98C700DDB3B6 /* Products */,
			);
			sourceTree = "<group>";
		};
		E86DE2F721FA98C700DDB3B6 /* Products */ = {
			isa = PBXGroup;
			children = (
				E86DE2F621FA98C700DDB3B6 /* Project2 */,
			);
			name = Products;
			sourceTree = "<group>";
		};
		E86DE2F821FA98C700DDB3B6 /* Project2 */ = {
			isa = PBXGroup;
			children = (
				E86DE2F921FA98C700DDB3B6 /* main.cpp */,
				E86DE30121FA9B2900DDB3B6 /* Set.h */,
				E86DE30021FA9B2900DDB3B6 /* Set.cpp */,
				E86DE30321FEA4D900DDB3B6 /* IntWrapper.cpp */,
				E86DE30421FEA4D900DDB3B6 /* IntWrapper.h */,
				E86DE30621FEA59900DDB3B6 /* testSetMemoryLeak.cpp */,
				E8753E5621FFE64B009C746F /* testSetcpy.cpp */,
			);
			path = Project2;
			sourceTree = "<group>";
		};
/* End PBXGroup section */

/* Begin PBXNativeTarget section */
		E86DE2F521FA98C700DDB3B6 /* Project2 */ = {
			isa = PBXNativeTarget;
			buildConfigurationList = E86DE2FD21FA98C700DDB3B6 /* Build configuration list for PBXNativeTarget "Project2" */;
			buildPhases = (
				E86DE2F221FA98C700DDB3B6 /* Sources */,
				E86DE2F321FA98C700DDB3B6 /* Frameworks */,
				E86DE2F421FA98C700DDB3B6 /* CopyFiles */,
			);
			buildRules = (
			);
			dependencies = (
			);
			name = Project2;
			productName = Project2;
			productReference = E86DE2F621FA98C700DDB3B6 /* Project2 */;
			productType = "com.apple.product-type.tool";
		};
/* End PBXNativeTarget section */

/* Begin PBXProject section */
		E86DE2EE21FA98C700DDB3B6 /* Project object */ = {
			isa = PBXProject;
			attributes = {
				LastUpgradeCheck = 1010;
				ORGANIZATIONNAME = "christopher kha";
				TargetAttributes = {
					E86DE2F521FA98C700DDB3B6 = {
						CreatedOnToolsVersion = 10.1;
					};
				};
			};
			buildConfigurationList = E86DE2F121FA98C700DDB3B6 /* Build configuration list for PBXProject "Project2" */;
			compatibilityVersion = "Xcode 9.3";
			developmentRegion = en;
			hasScannedForEncodings = 0;
			knownRegions = (
				en,
			);
			mainGroup = E86DE2ED21FA98C700DDB3B6;
			productRefGroup = E86DE2F721FA98C700DDB3B6 /* Products */;
			projectDirPath = "";
			projectRoot = "";
			targets = (
				E86DE2F521FA98C700DDB3B6 /* Project2 */,
			);
		};
/* End PBXProject section */

/* Begin PBXSourcesBuildPhase section */
		E86DE2F221FA98C700DDB3B6 /* Sources */ = {
			isa = PBXSourcesBuildPhase;
			buildActionMask = 2147483647;
			files = (
				E86DE30721FEA59900DDB3B6 /* testSetMemoryLeak.cpp in Sources */,
				E8753E5721FFE64B009C746F /* testSetcpy.cpp in Sources */,
				E86DE30521FEA4D900DDB3B6 /* IntWrapper.cpp in Sources */,
				E86DE30221FA9B2900DDB3B6 /* Set.cpp in Sources */,
				E86DE2FA21FA98C700DDB3B6 /* main.cpp in Sources */,
			);
			runOnlyForDeploymentPostprocessing = 0;
		};
/* End PBXSourcesBuildPhase section */

/* Begin XCBuildConfiguration section */
		E86DE2FB21FA98C700DDB3B6 /* Debug */ = {
			isa = XCBuildConfiguration;
			buildSettings = {
				ALWAYS_SEARCH_USER_PATHS = NO;
				CLANG_ANALYZER_NONNULL = YES;
				CLANG_ANALYZER_NUMBER_OBJECT_CONVERSION = YES_AGGRESSIVE;
				CLANG_CXX_LANGUAGE_STANDARD = "gnu++14";
				CLANG_CXX_LIBRARY = "libc++";
				CLANG_ENABLE_MODULES = YES;
				CLANG_ENABLE_OBJC_ARC = YES;
				CLANG_ENABLE_OBJC_WEAK = YES;
				CLANG_WARN_BLOCK_CAPTURE_AUTORELEASING = YES;
				CLANG_WARN_BOOL_CONVERSION = YES;
				CLANG_WARN_COMMA = YES;
				CLANG_WARN_CONSTANT_CONVERSION = YES;
				CLANG_WARN_DEPRECATED_OBJC_IMPLEMENTATIONS = YES;
				CLANG_WARN_DIRECT_OBJC_ISA_USAGE = YES_ERROR;
				CLANG_WARN_DOCUMENTATION_COMMENTS = YES;
				CLANG_WARN_EMPTY_BODY = YES;
				CLANG_WARN_ENUM_CONVERSION = YES;
				CLANG_WARN_INFINITE_RECURSION = YES;
				CLANG_WARN_INT_CONVERSION = YES;
				CLANG_WARN_NON_LITERAL_NULL_CONVERSION = YES;
				CLANG_WARN_OBJC_IMPLICIT_RETAIN_SELF = YES;
				CLANG_WARN_OBJC_LITERAL_CONVERSION = YES;
				CLANG_WARN_OBJC_ROOT_CLASS = YES_ERROR;
				CLANG_WARN_RANGE_LOOP_ANALYSIS = YES;
				CLANG_WARN_STRICT_PROTOTYPES = YES;
				CLANG_WARN_SUSPICIOUS_MOVE = YES;
				CLANG_WARN_UNGUARDED_AVAILABILITY = YES_AGGRESSIVE;
				CLANG_WARN_UNREACHABLE_CODE = YES;
				CLANG_WARN__DUPLICATE_METHOD_MATCH = YES;
				CODE_SIGN_IDENTITY = "-";
				COPY_PHASE_STRIP = NO;
				DEBUG_INFORMATION_FORMAT = dwarf;
				ENABLE_STRICT_OBJC_MSGSEND = YES;
				ENABLE_TESTABILITY = YES;
				GCC_C_LANGUAGE_STANDARD = gnu11;
				GCC_DYNAMIC_NO_PIC = NO;
				GCC_NO_COMMON_BLOCKS = YES;
				GCC_OPTIMIZATION_LEVEL = 0;
				GCC_PREPROCESSOR_DEFINITIONS = (
					"DEBUG=1",
					"$(inherited)",
				);
				GCC_WARN_64_TO_32_BIT_CONVERSION = YES;
				GCC_WARN_ABOUT_RETURN_TYPE = YES_ERROR;
				GCC_WARN_UNDECLARED_SELECTOR = YES;
				GCC_WARN_UNINITIALIZED_AUTOS = YES_AGGRESSIVE;
				GCC_WARN_UNUSED_FUNCTION = YES;
				GCC_WARN_UNUSED_VARIABLE = YES;
				MACOSX_DEPLOYMENT_TARGET = 10.13;
				MTL_ENABLE_DEBUG_INFO = INCLUDE_SOURCE;
				MTL_FAST_MATH = YES;
				ONLY_ACTIVE_ARCH = YES;
				SDKROOT = macosx;
			};
			name = Debug;
		};
		E86DE2FC21FA98C700DDB3B6 /* Release */ = {
			isa = XCBuildConfiguration;
			buildSettings = {
				ALWAYS_SEARCH_USER_PATHS = NO;
				CLANG_ANALYZER_NONNULL = YES;
				CLANG_ANALYZER_NUMBER_OBJECT_CONVERSION = YES_AGGRESSIVE;
				CLANG_CXX_LANGUAGE_STANDARD = "gnu++14";
				CLANG_CXX_LIBRARY = "libc++";
				CLANG_ENABLE_MODULES = YES;
				CLANG_ENABLE_OBJC_ARC = YES;
				CLANG_ENABLE_OBJC_WEAK = YES;
				CLANG_WARN_BLOCK_CAPTURE_AUTORELEASING = YES;
				CLANG_WARN_BOOL_CONVERSION = YES;
				CLANG_WARN_COMMA = YES;
				CLANG_WARN_CONSTANT_CONVERSION = YES;
				CLANG_WARN_DEPRECATED_OBJC_IMPLEMENTATIONS = YES;
				CLANG_WARN_DIRECT_OBJC_ISA_USAGE = YES_ERROR;
				CLANG_WARN_DOCUMENTATION_COMMENTS = YES;
				CLANG_WARN_EMPTY_BODY = YES;
				CLANG_WARN_ENUM_CONVERSION = YES;
				CLANG_WARN_INFINITE_RECURSION = YES;
				CLANG_WARN_INT_CONVERSION = YES;
				CLANG_WARN_NON_LITERAL_NULL_CONVERSION = YES;
				CLANG_WARN_OBJC_IMPLICIT_RETAIN_SELF = YES;
				CLANG_WARN_OBJC_LITERAL_CONVERSION = YES;
				CLANG_WARN_OBJC_ROOT_CLASS = YES_ERROR;
				CLANG_WARN_RANGE_LOOP_ANALYSIS = YES;
				CLANG_WARN_STRICT_PROTOTYPES = YES;
				CLANG_WARN_SUSPICIOUS_MOVE = YES;
				CLANG_WARN_UNGUARDED_AVAILABILITY = YES_AGGRESSIVE;
				CLANG_WARN_UNREACHABLE_CODE = YES;
				CLANG_WARN__DUPLICATE_METHOD_MATCH = YES;
				CODE_SIGN_IDENTITY = "-";
				COPY_PHASE_STRIP = NO;
				DEBUG_INFORMATION_FORMAT = "dwarf-with-dsym";
				ENABLE_NS_ASSERTIONS = NO;
				ENABLE_STRICT_OBJC_MSGSEND = YES;
				GCC_C_LANGUAGE_STANDARD = gnu11;
				GCC_NO_COMMON_BLOCKS = YES;
				GCC_WARN_64_TO_32_BIT_CONVERSION = YES;
				GCC_WARN_ABOUT_RETURN_TYPE = YES_ERROR;
				GCC_WARN_UNDECLARED_SELECTOR = YES;
				GCC_WARN_UNINITIALIZED_AUTOS = YES_AGGRESSIVE;
				GCC_WARN_UNUSED_FUNCTION = YES;
				GCC_WARN_UNUSED_VARIABLE = YES;
				MACOSX_DEPLOYMENT_TARGET = 10.13;
				MTL_ENABLE_DEBUG_INFO = NO;
				MTL_FAST_MATH = YES;
				SDKROOT = macosx;
			};
			name = Release;
		};
		E86DE2FE21FA98C700DDB3B6 /* Debug */ = {
			isa = XCBuildConfiguration;
			buildSettings = {
				CODE_SIGN_STYLE = Automatic;
				PRODUCT_NAME = "$(TARGET_NAME)";
			};
			name = Debug;
		};
		E86DE2FF21FA98C700DDB3B6 /* Release */ = {
			isa = XCBuildConfiguration;
			buildSettings = {
				CODE_SIGN_STYLE = Automatic;
				PRODUCT_NAME = "$(TARGET_NAME)";
			};
			name = Release;
		};
/* End XCBuildConfiguration section */

/* Begin XCConfigurationList section */
		E86DE2F121FA98C700DDB3B6 /* Build configuration list for PBXProject "Project2" */ = {
			isa = XCConfigurationList;
			buildConfigurations = (
				E86DE2FB21FA98C700DDB3B6 /* Debug */,
				E86DE2FC21FA98C700DDB3B6 /* Release */,
			);
			defaultConfigurationIsVisible = 0;
			defaultConfigurationName = Release;
		};
		E86DE2FD21FA98C700DDB3B6 /* Build configuration list for PBXNativeTarget "Project2" */ = {
			isa = XCConfigurationList;
			buildConfigurations = (
				E86DE2FE21FA98C700DDB3B6 /* Debug */,
				E86DE2FF21FA98C700DDB3B6 /* Release */,
			);
			defaultConfigurationIsVisible = 0;
			defaultConfigurationName = Release;
		};
/* End XCConfigurationList section */
	};
	rootObject = E86DE2EE21FA98C700DDB3B6 /* Project object */;
}
